
Microsoft Visual Studio Solution File, Format Version 12.00
Project("{FAE04EC0-301F-11D3-BF4B-00C04F79EFBC}") = "Gear Ratios", "Gear Ratios\Gear Ratios.csproj", "{28772E3D-4181-4AE9-851E-0035582C4F08}"
EndProject
Global
	GlobalSection(SolutionConfigurationPlatforms) = preSolution
		Debug|Any CPU = Debug|Any CPU
		Release|Any CPU = Release|Any CPU
	EndGlobalSection
	GlobalSection(ProjectConfigurationPlatforms) = postSolution
		{28772E3D-4181-4AE9-851E-0035582C4F08}.Debug|Any CPU.ActiveCfg = Debug|Any CPU
		{28772E3D-4181-4AE9-851E-0035582C4F08}.Debug|Any CPU.Build.0 = Debug|Any CPU
		{28772E3D-4181-4AE9-851E-0035582C4F08}.Release|Any CPU.ActiveCfg = Release|Any CPU
		{28772E3D-4181-4AE9-851E-0035582C4F08}.Release|Any CPU.Build.0 = Release|Any CPU
	EndGlobalSection
EndGlobal
